
Microsoft Visual Studio Solution File, Format Version 12.00
# Visual Studio Version 16
VisualStudioVersion = 16.0.29215.179
MinimumVisualStudioVersion = 10.0.40219.1
Project("{8BC9CEB8-8B4A-11D0-8D11-00A0C91BC942}") = "Bird-Nest", "Bird-Nest\Bird-Nest.vcxproj", "{0C9E6FA9-9DEC-498D-B675-C66DD883C4C8}"
EndProject
Project("{2150E333-8FDC-42A3-9474-1A3956D46DE8}") = "Solution Items", "Solution Items", "{BF8B40B3-12C0-4896-8B8C-E60A5641C527}"
	ProjectSection(SolutionItems) = preProject
		task(hu).pdf = task(hu).pdf
	EndProjectSection
EndProject
Project("{2150E333-8FDC-42A3-9474-1A3956D46DE8}") = "Test", "Test", "{92781CF5-CE82-4DBE-8226-E2F2D7FCA07F}"
	ProjectSection(SolutionItems) = preProject
		Test\Out01.txt = Test\Out01.txt
		Test\Out02.txt = Test\Out02.txt
		Test01.txt = Test01.txt
		Test02.txt = Test02.txt
	EndProjectSection
EndProject
Global
	GlobalSection(SolutionConfigurationPlatforms) = preSolution
		Debug|x64 = Debug|x64
		Debug|x86 = Debug|x86
		Release|x64 = Release|x64
		Release|x86 = Release|x86
	EndGlobalSection
	GlobalSection(ProjectConfigurationPlatforms) = postSolution
		{0C9E6FA9-9DEC-498D-B675-C66DD883C4C8}.Debug|x64.ActiveCfg = Debug|x64
		{0C9E6FA9-9DEC-498D-B675-C66DD883C4C8}.Debug|x64.Build.0 = Debug|x64
		{0C9E6FA9-9DEC-498D-B675-C66DD883C4C8}.Debug|x86.ActiveCfg = Debug|Win32
		{0C9E6FA9-9DEC-498D-B675-C66DD883C4C8}.Debug|x86.Build.0 = Debug|Win32
		{0C9E6FA9-9DEC-498D-B675-C66DD883C4C8}.Release|x64.ActiveCfg = Release|x64
		{0C9E6FA9-9DEC-498D-B675-C66DD883C4C8}.Release|x64.Build.0 = Release|x64
		{0C9E6FA9-9DEC-498D-B675-C66DD883C4C8}.Release|x86.ActiveCfg = Release|Win32
		{0C9E6FA9-9DEC-498D-B675-C66DD883C4C8}.Release|x86.Build.0 = Release|Win32
	EndGlobalSection
	GlobalSection(SolutionProperties) = preSolution
		HideSolutionNode = FALSE
	EndGlobalSection
	GlobalSection(NestedProjects) = preSolution
		{92781CF5-CE82-4DBE-8226-E2F2D7FCA07F} = {BF8B40B3-12C0-4896-8B8C-E60A5641C527}
	EndGlobalSection
	GlobalSection(ExtensibilityGlobals) = postSolution
		SolutionGuid = {10E5D86D-27B1-49A7-AE82-40913CFF4C70}
	EndGlobalSection
EndGlobal
